
Microsoft Visual Studio Solution File, Format Version 12.00
# Visual Studio Version 17
VisualStudioVersion = 17.4.33213.308
MinimumVisualStudioVersion = 10.0.40219.1
Project("{FAE04EC0-301F-11D3-BF4B-00C04F79EFBC}") = "ToDo_WPF", "ToDo_WPF.csproj", "{F3656DFC-334B-4348-8BCC-6D0728387136}"
EndProject
Global
	GlobalSection(SolutionConfigurationPlatforms) = preSolution
		Debug|Any CPU = Debug|Any CPU
		Release|Any CPU = Release|Any CPU
	EndGlobalSection
	GlobalSection(ProjectConfigurationPlatforms) = postSolution
		{F3656DFC-334B-4348-8BCC-6D0728387136}.Debug|Any CPU.ActiveCfg = Debug|Any CPU
		{F3656DFC-334B-4348-8BCC-6D0728387136}.Debug|Any CPU.Build.0 = Debug|Any CPU
		{F3656DFC-334B-4348-8BCC-6D0728387136}.Release|Any CPU.ActiveCfg = Release|Any CPU
		{F3656DFC-334B-4348-8BCC-6D0728387136}.Release|Any CPU.Build.0 = Release|Any CPU
	EndGlobalSection
	GlobalSection(SolutionProperties) = preSolution
		HideSolutionNode = FALSE
	EndGlobalSection
	GlobalSection(ExtensibilityGlobals) = postSolution
		SolutionGuid = {8B3783B3-720B-424C-9A0A-D2CE3BC86D9C}
	EndGlobalSection
EndGlobal
